
Microsoft Visual Studio Solution File, Format Version 11.00
# Visual Studio 2010
Project("{2150E333-8FDC-42A3-9474-1A3956D46DE8}") = "001.Framework", "001.Framework", "{3B39B44D-7CD2-42E0-BE39-B5D9BB63239D}"
EndProject
Project("{FAE04EC0-301F-11D3-BF4B-00C04F79EFBC}") = "Meek", "Meek\Meek.csproj", "{9DF67A0D-9A75-4AB2-B7BE-3DAB43C293EB}"
EndProject
Project("{2150E333-8FDC-42A3-9474-1A3956D46DE8}") = "002.Data", "002.Data", "{4EAB80D5-1082-4468-9FBD-757A9A9DC6A7}"
EndProject
Project("{FAE04EC0-301F-11D3-BF4B-00C04F79EFBC}") = "Meek.Data", "Meek.Data\Meek.Data.csproj", "{35FBC2C8-2A56-447A-9146-6FD35E694460}"
EndProject
Project("{FAE04EC0-301F-11D3-BF4B-00C04F79EFBC}") = "Meek.Data.Extension", "Plugins\Meek.Data.Extension\Meek.Data.Extension.csproj", "{204866AF-14DF-4773-973E-74810E6602D9}"
EndProject
Project("{2150E333-8FDC-42A3-9474-1A3956D46DE8}") = "002.2.Providers", "002.2.Providers", "{AB80CA0D-6EA3-4A4C-A372-DB75AA769588}"
EndProject
Project("{2150E333-8FDC-42A3-9474-1A3956D46DE8}") = "002.1.Core", "002.1.Core", "{C4E73F55-02EB-4A3F-91F2-DCAE71089D14}"
EndProject
Project("{FAE04EC0-301F-11D3-BF4B-00C04F79EFBC}") = "Meek.Data.EntityFramework", "Plugins\Data\Meek.Data.EntityFramework\Meek.Data.EntityFramework.csproj", "{16391CDC-83CD-4671-B34D-CD563C2BCD90}"
EndProject
Project("{FAE04EC0-301F-11D3-BF4B-00C04F79EFBC}") = "Meek.Data.LinqToSql", "Plugins\Data\Meek.Data.LinqToSql\Meek.Data.LinqToSql.csproj", "{BBF91E1A-5DC7-4690-BE0D-321BF05227F9}"
EndProject
Project("{2150E333-8FDC-42A3-9474-1A3956D46DE8}") = "003.Business", "003.Business", "{6B890CC4-41B1-41CC-8D6E-A21424F79409}"
EndProject
Project("{FAE04EC0-301F-11D3-BF4B-00C04F79EFBC}") = "Meek.Business", "Meek.Business\Meek.Business.csproj", "{67A6B638-31BB-4AB7-910D-08246E500B2A}"
EndProject
Project("{2150E333-8FDC-42A3-9474-1A3956D46DE8}") = "004.Presentation", "004.Presentation", "{9FFE0358-02E1-4B35-977A-CB81069DA92A}"
EndProject
Project("{FAE04EC0-301F-11D3-BF4B-00C04F79EFBC}") = "Meek.Presentation", "Meek.Presentation\Meek.Presentation.csproj", "{7E963C9A-DED5-496F-9DE1-9AEB8CBCE440}"
EndProject
Project("{2150E333-8FDC-42A3-9474-1A3956D46DE8}") = "005.WinForms", "005.WinForms", "{48EF9F33-3351-47C0-B6BF-5238F95256F6}"
EndProject
Project("{FAE04EC0-301F-11D3-BF4B-00C04F79EFBC}") = "Meek.Forms", "Meek.Forms\Meek.Forms.csproj", "{B3EF3F4B-D252-4EBE-8E78-9A144BC7ED38}"
EndProject
Project("{2150E333-8FDC-42A3-9474-1A3956D46DE8}") = "006.Web", "006.Web", "{A0739247-2FB4-43DC-B0C0-72A83FFE5456}"
EndProject
Project("{FAE04EC0-301F-11D3-BF4B-00C04F79EFBC}") = "Meek.Web", "Meek.Web\Meek.Web.csproj", "{2807D193-8A9C-4C8D-BBBD-880D1058C261}"
EndProject
Project("{2150E333-8FDC-42A3-9474-1A3956D46DE8}") = "007.Web.Mvc", "007.Web.Mvc", "{7E3F4CDB-18EE-4D0C-B59B-B1FE2008F96D}"
EndProject
Project("{FAE04EC0-301F-11D3-BF4B-00C04F79EFBC}") = "Meek.Web.Mvc", "Meek.Web.Mvc\Meek.Web.Mvc.csproj", "{93AE9461-00F9-479B-9CE1-66B840DBDAB7}"
EndProject
Project("{2150E333-8FDC-42A3-9474-1A3956D46DE8}") = "100.Unit.Test", "100.Unit.Test", "{5C8A0D89-D39E-43DE-B709-029F49B067F7}"
EndProject
Project("{2150E333-8FDC-42A3-9474-1A3956D46DE8}") = "900.Meek.Website", "900.Meek.Website", "{51A5EF2D-F0AC-40E5-BC1D-602ACC614D86}"
EndProject
Project("{FAE04EC0-301F-11D3-BF4B-00C04F79EFBC}") = "Meek.Website", "Meek.Website\Meek.Website.csproj", "{22B56AE5-1DD2-408C-86E0-68174A4DF123}"
EndProject
Global
	GlobalSection(SolutionConfigurationPlatforms) = preSolution
		Debug|Any CPU = Debug|Any CPU
		Release|Any CPU = Release|Any CPU
	EndGlobalSection
	GlobalSection(ProjectConfigurationPlatforms) = postSolution
		{9DF67A0D-9A75-4AB2-B7BE-3DAB43C293EB}.Debug|Any CPU.ActiveCfg = Debug|Any CPU
		{9DF67A0D-9A75-4AB2-B7BE-3DAB43C293EB}.Debug|Any CPU.Build.0 = Debug|Any CPU
		{9DF67A0D-9A75-4AB2-B7BE-3DAB43C293EB}.Release|Any CPU.ActiveCfg = Release|Any CPU
		{9DF67A0D-9A75-4AB2-B7BE-3DAB43C293EB}.Release|Any CPU.Build.0 = Release|Any CPU
		{35FBC2C8-2A56-447A-9146-6FD35E694460}.Debug|Any CPU.ActiveCfg = Debug|Any CPU
		{35FBC2C8-2A56-447A-9146-6FD35E694460}.Debug|Any CPU.Build.0 = Debug|Any CPU
		{35FBC2C8-2A56-447A-9146-6FD35E694460}.Release|Any CPU.ActiveCfg = Release|Any CPU
		{35FBC2C8-2A56-447A-9146-6FD35E694460}.Release|Any CPU.Build.0 = Release|Any CPU
		{204866AF-14DF-4773-973E-74810E6602D9}.Debug|Any CPU.ActiveCfg = Debug|Any CPU
		{204866AF-14DF-4773-973E-74810E6602D9}.Debug|Any CPU.Build.0 = Debug|Any CPU
		{204866AF-14DF-4773-973E-74810E6602D9}.Release|Any CPU.ActiveCfg = Release|Any CPU
		{204866AF-14DF-4773-973E-74810E6602D9}.Release|Any CPU.Build.0 = Release|Any CPU
		{16391CDC-83CD-4671-B34D-CD563C2BCD90}.Debug|Any CPU.ActiveCfg = Debug|Any CPU
		{16391CDC-83CD-4671-B34D-CD563C2BCD90}.Debug|Any CPU.Build.0 = Debug|Any CPU
		{16391CDC-83CD-4671-B34D-CD563C2BCD90}.Release|Any CPU.ActiveCfg = Release|Any CPU
		{16391CDC-83CD-4671-B34D-CD563C2BCD90}.Release|Any CPU.Build.0 = Release|Any CPU
		{BBF91E1A-5DC7-4690-BE0D-321BF05227F9}.Debug|Any CPU.ActiveCfg = Debug|Any CPU
		{BBF91E1A-5DC7-4690-BE0D-321BF05227F9}.Debug|Any CPU.Build.0 = Debug|Any CPU
		{BBF91E1A-5DC7-4690-BE0D-321BF05227F9}.Release|Any CPU.ActiveCfg = Release|Any CPU
		{BBF91E1A-5DC7-4690-BE0D-321BF05227F9}.Release|Any CPU.Build.0 = Release|Any CPU
		{67A6B638-31BB-4AB7-910D-08246E500B2A}.Debug|Any CPU.ActiveCfg = Debug|Any CPU
		{67A6B638-31BB-4AB7-910D-08246E500B2A}.Debug|Any CPU.Build.0 = Debug|Any CPU
		{67A6B638-31BB-4AB7-910D-08246E500B2A}.Release|Any CPU.ActiveCfg = Release|Any CPU
		{67A6B638-31BB-4AB7-910D-08246E500B2A}.Release|Any CPU.Build.0 = Release|Any CPU
		{7E963C9A-DED5-496F-9DE1-9AEB8CBCE440}.Debug|Any CPU.ActiveCfg = Debug|Any CPU
		{7E963C9A-DED5-496F-9DE1-9AEB8CBCE440}.Debug|Any CPU.Build.0 = Debug|Any CPU
		{7E963C9A-DED5-496F-9DE1-9AEB8CBCE440}.Release|Any CPU.ActiveCfg = Release|Any CPU
		{7E963C9A-DED5-496F-9DE1-9AEB8CBCE440}.Release|Any CPU.Build.0 = Release|Any CPU
		{B3EF3F4B-D252-4EBE-8E78-9A144BC7ED38}.Debug|Any CPU.ActiveCfg = Debug|Any CPU
		{B3EF3F4B-D252-4EBE-8E78-9A144BC7ED38}.Debug|Any CPU.Build.0 = Debug|Any CPU
		{B3EF3F4B-D252-4EBE-8E78-9A144BC7ED38}.Release|Any CPU.ActiveCfg = Release|Any CPU
		{B3EF3F4B-D252-4EBE-8E78-9A144BC7ED38}.Release|Any CPU.Build.0 = Release|Any CPU
		{2807D193-8A9C-4C8D-BBBD-880D1058C261}.Debug|Any CPU.ActiveCfg = Debug|Any CPU
		{2807D193-8A9C-4C8D-BBBD-880D1058C261}.Debug|Any CPU.Build.0 = Debug|Any CPU
		{2807D193-8A9C-4C8D-BBBD-880D1058C261}.Release|Any CPU.ActiveCfg = Release|Any CPU
		{2807D193-8A9C-4C8D-BBBD-880D1058C261}.Release|Any CPU.Build.0 = Release|Any CPU
		{93AE9461-00F9-479B-9CE1-66B840DBDAB7}.Debug|Any CPU.ActiveCfg = Debug|Any CPU
		{93AE9461-00F9-479B-9CE1-66B840DBDAB7}.Debug|Any CPU.Build.0 = Debug|Any CPU
		{93AE9461-00F9-479B-9CE1-66B840DBDAB7}.Release|Any CPU.ActiveCfg = Release|Any CPU
		{93AE9461-00F9-479B-9CE1-66B840DBDAB7}.Release|Any CPU.Build.0 = Release|Any CPU
		{22B56AE5-1DD2-408C-86E0-68174A4DF123}.Debug|Any CPU.ActiveCfg = Debug|Any CPU
		{22B56AE5-1DD2-408C-86E0-68174A4DF123}.Debug|Any CPU.Build.0 = Debug|Any CPU
		{22B56AE5-1DD2-408C-86E0-68174A4DF123}.Release|Any CPU.ActiveCfg = Release|Any CPU
		{22B56AE5-1DD2-408C-86E0-68174A4DF123}.Release|Any CPU.Build.0 = Release|Any CPU
	EndGlobalSection
	GlobalSection(SolutionProperties) = preSolution
		HideSolutionNode = FALSE
	EndGlobalSection
	GlobalSection(NestedProjects) = preSolution
		{9DF67A0D-9A75-4AB2-B7BE-3DAB43C293EB} = {3B39B44D-7CD2-42E0-BE39-B5D9BB63239D}
		{C4E73F55-02EB-4A3F-91F2-DCAE71089D14} = {4EAB80D5-1082-4468-9FBD-757A9A9DC6A7}
		{AB80CA0D-6EA3-4A4C-A372-DB75AA769588} = {4EAB80D5-1082-4468-9FBD-757A9A9DC6A7}
		{204866AF-14DF-4773-973E-74810E6602D9} = {C4E73F55-02EB-4A3F-91F2-DCAE71089D14}
		{35FBC2C8-2A56-447A-9146-6FD35E694460} = {C4E73F55-02EB-4A3F-91F2-DCAE71089D14}
		{16391CDC-83CD-4671-B34D-CD563C2BCD90} = {AB80CA0D-6EA3-4A4C-A372-DB75AA769588}
		{BBF91E1A-5DC7-4690-BE0D-321BF05227F9} = {AB80CA0D-6EA3-4A4C-A372-DB75AA769588}
		{67A6B638-31BB-4AB7-910D-08246E500B2A} = {6B890CC4-41B1-41CC-8D6E-A21424F79409}
		{7E963C9A-DED5-496F-9DE1-9AEB8CBCE440} = {9FFE0358-02E1-4B35-977A-CB81069DA92A}
		{B3EF3F4B-D252-4EBE-8E78-9A144BC7ED38} = {48EF9F33-3351-47C0-B6BF-5238F95256F6}
		{2807D193-8A9C-4C8D-BBBD-880D1058C261} = {A0739247-2FB4-43DC-B0C0-72A83FFE5456}
		{93AE9461-00F9-479B-9CE1-66B840DBDAB7} = {7E3F4CDB-18EE-4D0C-B59B-B1FE2008F96D}
		{22B56AE5-1DD2-408C-86E0-68174A4DF123} = {51A5EF2D-F0AC-40E5-BC1D-602ACC614D86}
	EndGlobalSection
EndGlobal
