
Microsoft Visual Studio Solution File, Format Version 11.00
# Visual Studio 2010
Project("{2150E333-8FDC-42A3-9474-1A3956D46DE8}") = "001.Meek", "001.Meek", "{347F9C91-DCCF-4D61-AEDB-D58F96E995AB}"
EndProject
Project("{FAE04EC0-301F-11D3-BF4B-00C04F79EFBC}") = "Test.Meek", "..\Unit.Test\Test.Meek\Test.Meek.csproj", "{7240FE6C-E6A5-497C-8580-0599C1E5271B}"
EndProject
Project("{2150E333-8FDC-42A3-9474-1A3956D46DE8}") = "002.Data", "002.Data", "{09BF69DE-BB6E-4FB8-A2B9-E9F5A4DB4718}"
EndProject
Project("{FAE04EC0-301F-11D3-BF4B-00C04F79EFBC}") = "Test.Meek.Data", "..\Unit.Test\Test.Meek.Data\Test.Meek.Data.csproj", "{129E13F1-1395-424D-87B2-A1E9F6835E9F}"
EndProject
Project("{2150E333-8FDC-42A3-9474-1A3956D46DE8}") = "002.01.Data", "002.01.Data", "{A8BB8D5A-E71A-4EA7-A3B7-4DB41DD75F3A}"
EndProject
Project("{2150E333-8FDC-42A3-9474-1A3956D46DE8}") = "002.02.Providers", "002.02.Providers", "{1D52BA5A-5A3F-48A8-A867-89180CAA9805}"
EndProject
Project("{FAE04EC0-301F-11D3-BF4B-00C04F79EFBC}") = "Test.Meek.Data.EntityFramework", "..\Plugins\Data\Unit.Test\Test.Meek.Data.EntityFramework\Test.Meek.Data.EntityFramework.csproj", "{B5DB79FE-AA3F-4819-A249-A8B5B218CDE1}"
EndProject
Project("{FAE04EC0-301F-11D3-BF4B-00C04F79EFBC}") = "Test.Meek.Data.LinqToSql", "..\Plugins\Data\Unit.Test\Test.Meek.Data.LinqToSql\Test.Meek.Data.LinqToSql.csproj", "{5148F50F-DED8-42E5-9562-C6CFFAE8CD24}"
EndProject
Project("{2150E333-8FDC-42A3-9474-1A3956D46DE8}") = "003.Business", "003.Business", "{2A4B2BE5-B420-4CEA-873A-E20898E8A4BF}"
EndProject
Project("{FAE04EC0-301F-11D3-BF4B-00C04F79EFBC}") = "Test.Meek.Business", "..\Unit.Test\Test.Meek.Business\Test.Meek.Business.csproj", "{DE27F9D8-323A-40CC-8082-DCE0764F6FB9}"
EndProject
Project("{2150E333-8FDC-42A3-9474-1A3956D46DE8}") = "004.Presentation", "004.Presentation", "{D01AE66C-459D-4201-8876-1CA8536417FA}"
EndProject
Project("{2150E333-8FDC-42A3-9474-1A3956D46DE8}") = "005.WinForms", "005.WinForms", "{5C250821-E273-4828-A12F-147297E3ADE8}"
EndProject
Project("{2150E333-8FDC-42A3-9474-1A3956D46DE8}") = "006.Web", "006.Web", "{CF076028-79B5-4E1B-AC4B-787478CBF5D3}"
EndProject
Project("{FAE04EC0-301F-11D3-BF4B-00C04F79EFBC}") = "Test.Meek.Forms", "..\Unit.Test\Test.Meek.Forms\Test.Meek.Forms.csproj", "{414B210D-A05D-4D79-9696-AB77D4F9A8DA}"
EndProject
Project("{FAE04EC0-301F-11D3-BF4B-00C04F79EFBC}") = "Test.Meek.Web", "..\Unit.Test\Test.Meek.Web\Test.Meek.Web.csproj", "{86BD2176-A8FB-48EB-B951-1E5EB5B33D01}"
EndProject
Project("{FAE04EC0-301F-11D3-BF4B-00C04F79EFBC}") = "Test.Meek.Web.Mvc", "..\Unit.Test\Test.Meek.Web.Mvc\Test.Meek.Web.Mvc.csproj", "{CC6DD7AA-7CBA-4A3B-B951-009F24C48E24}"
EndProject
Project("{2150E333-8FDC-42A3-9474-1A3956D46DE8}") = "006.01.Web", "006.01.Web", "{B082637A-1622-49EA-A543-2C49FE0B846E}"
EndProject
Project("{2150E333-8FDC-42A3-9474-1A3956D46DE8}") = "006.02.Mvc", "006.02.Mvc", "{BB99FE29-BB7C-47AE-951C-DE8B14D92105}"
EndProject
Project("{FAE04EC0-301F-11D3-BF4B-00C04F79EFBC}") = "Test.Meek.Presentation", "..\Unit.Test\Test.Meek.Presentation\Test.Meek.Presentation.csproj", "{BCDD4E7A-5A65-4CE0-BE9B-2044D44988D6}"
EndProject
Global
	GlobalSection(SolutionConfigurationPlatforms) = preSolution
		Debug|Any CPU = Debug|Any CPU
		Release|Any CPU = Release|Any CPU
	EndGlobalSection
	GlobalSection(ProjectConfigurationPlatforms) = postSolution
		{7240FE6C-E6A5-497C-8580-0599C1E5271B}.Debug|Any CPU.ActiveCfg = Debug|Any CPU
		{7240FE6C-E6A5-497C-8580-0599C1E5271B}.Debug|Any CPU.Build.0 = Debug|Any CPU
		{7240FE6C-E6A5-497C-8580-0599C1E5271B}.Release|Any CPU.ActiveCfg = Release|Any CPU
		{7240FE6C-E6A5-497C-8580-0599C1E5271B}.Release|Any CPU.Build.0 = Release|Any CPU
		{129E13F1-1395-424D-87B2-A1E9F6835E9F}.Debug|Any CPU.ActiveCfg = Debug|Any CPU
		{129E13F1-1395-424D-87B2-A1E9F6835E9F}.Debug|Any CPU.Build.0 = Debug|Any CPU
		{129E13F1-1395-424D-87B2-A1E9F6835E9F}.Release|Any CPU.ActiveCfg = Release|Any CPU
		{129E13F1-1395-424D-87B2-A1E9F6835E9F}.Release|Any CPU.Build.0 = Release|Any CPU
		{B5DB79FE-AA3F-4819-A249-A8B5B218CDE1}.Debug|Any CPU.ActiveCfg = Debug|Any CPU
		{B5DB79FE-AA3F-4819-A249-A8B5B218CDE1}.Debug|Any CPU.Build.0 = Debug|Any CPU
		{B5DB79FE-AA3F-4819-A249-A8B5B218CDE1}.Release|Any CPU.ActiveCfg = Release|Any CPU
		{B5DB79FE-AA3F-4819-A249-A8B5B218CDE1}.Release|Any CPU.Build.0 = Release|Any CPU
		{5148F50F-DED8-42E5-9562-C6CFFAE8CD24}.Debug|Any CPU.ActiveCfg = Debug|Any CPU
		{5148F50F-DED8-42E5-9562-C6CFFAE8CD24}.Debug|Any CPU.Build.0 = Debug|Any CPU
		{5148F50F-DED8-42E5-9562-C6CFFAE8CD24}.Release|Any CPU.ActiveCfg = Release|Any CPU
		{5148F50F-DED8-42E5-9562-C6CFFAE8CD24}.Release|Any CPU.Build.0 = Release|Any CPU
		{DE27F9D8-323A-40CC-8082-DCE0764F6FB9}.Debug|Any CPU.ActiveCfg = Debug|Any CPU
		{DE27F9D8-323A-40CC-8082-DCE0764F6FB9}.Debug|Any CPU.Build.0 = Debug|Any CPU
		{DE27F9D8-323A-40CC-8082-DCE0764F6FB9}.Release|Any CPU.ActiveCfg = Release|Any CPU
		{DE27F9D8-323A-40CC-8082-DCE0764F6FB9}.Release|Any CPU.Build.0 = Release|Any CPU
		{414B210D-A05D-4D79-9696-AB77D4F9A8DA}.Debug|Any CPU.ActiveCfg = Debug|Any CPU
		{414B210D-A05D-4D79-9696-AB77D4F9A8DA}.Debug|Any CPU.Build.0 = Debug|Any CPU
		{414B210D-A05D-4D79-9696-AB77D4F9A8DA}.Release|Any CPU.ActiveCfg = Release|Any CPU
		{414B210D-A05D-4D79-9696-AB77D4F9A8DA}.Release|Any CPU.Build.0 = Release|Any CPU
		{86BD2176-A8FB-48EB-B951-1E5EB5B33D01}.Debug|Any CPU.ActiveCfg = Debug|Any CPU
		{86BD2176-A8FB-48EB-B951-1E5EB5B33D01}.Debug|Any CPU.Build.0 = Debug|Any CPU
		{86BD2176-A8FB-48EB-B951-1E5EB5B33D01}.Release|Any CPU.ActiveCfg = Release|Any CPU
		{86BD2176-A8FB-48EB-B951-1E5EB5B33D01}.Release|Any CPU.Build.0 = Release|Any CPU
		{CC6DD7AA-7CBA-4A3B-B951-009F24C48E24}.Debug|Any CPU.ActiveCfg = Debug|Any CPU
		{CC6DD7AA-7CBA-4A3B-B951-009F24C48E24}.Debug|Any CPU.Build.0 = Debug|Any CPU
		{CC6DD7AA-7CBA-4A3B-B951-009F24C48E24}.Release|Any CPU.ActiveCfg = Release|Any CPU
		{CC6DD7AA-7CBA-4A3B-B951-009F24C48E24}.Release|Any CPU.Build.0 = Release|Any CPU
		{BCDD4E7A-5A65-4CE0-BE9B-2044D44988D6}.Debug|Any CPU.ActiveCfg = Debug|Any CPU
		{BCDD4E7A-5A65-4CE0-BE9B-2044D44988D6}.Debug|Any CPU.Build.0 = Debug|Any CPU
		{BCDD4E7A-5A65-4CE0-BE9B-2044D44988D6}.Release|Any CPU.ActiveCfg = Release|Any CPU
		{BCDD4E7A-5A65-4CE0-BE9B-2044D44988D6}.Release|Any CPU.Build.0 = Release|Any CPU
	EndGlobalSection
	GlobalSection(SolutionProperties) = preSolution
		HideSolutionNode = FALSE
	EndGlobalSection
	GlobalSection(NestedProjects) = preSolution
		{7240FE6C-E6A5-497C-8580-0599C1E5271B} = {347F9C91-DCCF-4D61-AEDB-D58F96E995AB}
		{A8BB8D5A-E71A-4EA7-A3B7-4DB41DD75F3A} = {09BF69DE-BB6E-4FB8-A2B9-E9F5A4DB4718}
		{1D52BA5A-5A3F-48A8-A867-89180CAA9805} = {09BF69DE-BB6E-4FB8-A2B9-E9F5A4DB4718}
		{129E13F1-1395-424D-87B2-A1E9F6835E9F} = {A8BB8D5A-E71A-4EA7-A3B7-4DB41DD75F3A}
		{B5DB79FE-AA3F-4819-A249-A8B5B218CDE1} = {1D52BA5A-5A3F-48A8-A867-89180CAA9805}
		{5148F50F-DED8-42E5-9562-C6CFFAE8CD24} = {1D52BA5A-5A3F-48A8-A867-89180CAA9805}
		{DE27F9D8-323A-40CC-8082-DCE0764F6FB9} = {2A4B2BE5-B420-4CEA-873A-E20898E8A4BF}
		{BCDD4E7A-5A65-4CE0-BE9B-2044D44988D6} = {D01AE66C-459D-4201-8876-1CA8536417FA}
		{414B210D-A05D-4D79-9696-AB77D4F9A8DA} = {5C250821-E273-4828-A12F-147297E3ADE8}
		{B082637A-1622-49EA-A543-2C49FE0B846E} = {CF076028-79B5-4E1B-AC4B-787478CBF5D3}
		{BB99FE29-BB7C-47AE-951C-DE8B14D92105} = {CF076028-79B5-4E1B-AC4B-787478CBF5D3}
		{86BD2176-A8FB-48EB-B951-1E5EB5B33D01} = {B082637A-1622-49EA-A543-2C49FE0B846E}
		{CC6DD7AA-7CBA-4A3B-B951-009F24C48E24} = {BB99FE29-BB7C-47AE-951C-DE8B14D92105}
	EndGlobalSection
EndGlobal
