
Microsoft Visual Studio Solution File, Format Version 11.00
# Visual Studio 2010
Project("{FAE04EC0-301F-11D3-BF4B-00C04F79EFBC}") = "Meek.Website", "..\Meek.Website\Meek.Website.csproj", "{22B56AE5-1DD2-408C-86E0-68174A4DF123}"
EndProject
Global
	GlobalSection(SolutionConfigurationPlatforms) = preSolution
		Debug|Any CPU = Debug|Any CPU
		Release|Any CPU = Release|Any CPU
	EndGlobalSection
	GlobalSection(ProjectConfigurationPlatforms) = postSolution
		{22B56AE5-1DD2-408C-86E0-68174A4DF123}.Debug|Any CPU.ActiveCfg = Debug|Any CPU
		{22B56AE5-1DD2-408C-86E0-68174A4DF123}.Debug|Any CPU.Build.0 = Debug|Any CPU
		{22B56AE5-1DD2-408C-86E0-68174A4DF123}.Release|Any CPU.ActiveCfg = Release|Any CPU
		{22B56AE5-1DD2-408C-86E0-68174A4DF123}.Release|Any CPU.Build.0 = Release|Any CPU
	EndGlobalSection
	GlobalSection(SolutionProperties) = preSolution
		HideSolutionNode = FALSE
	EndGlobalSection
EndGlobal
